
Microsoft Visual Studio Solution File, Format Version 12.00
# Visual Studio Version 16
Project("{2150E333-8FDC-42A3-9474-1A3956D46DE8}") = "CMakePredefinedTargets", "CMakePredefinedTargets", "{8E1A034F-5739-3D9D-8865-15BD3202F629}"
EndProject
Project("{8BC9CEB8-8B4A-11D0-8D11-00A0C91BC942}") = "testbed", "testbed\testbed.vcxproj", "{E8EC2766-04DA-304B-B04D-89F6826240EA}"
	ProjectSection(ProjectDependencies) = postProject
		{CA00FC56-E426-35EB-A838-E76F34142CC9} = {CA00FC56-E426-35EB-A838-E76F34142CC9}
		{C594AB96-A2DA-3818-86E2-6B760BFD59AB} = {C594AB96-A2DA-3818-86E2-6B760BFD59AB}
		{5DB4E8A9-3F5A-3CC3-918B-0DCF33D3B31A} = {5DB4E8A9-3F5A-3CC3-918B-0DCF33D3B31A}
		{753BD7B2-B6CE-3C3F-A656-A2766670DDDB} = {753BD7B2-B6CE-3C3F-A656-A2766670DDDB}
		{7A6E539A-3196-3C58-88EB-E7110C87B605} = {7A6E539A-3196-3C58-88EB-E7110C87B605}
		{0E85EC87-BC20-3E7C-8DFE-CDE476B88801} = {0E85EC87-BC20-3E7C-8DFE-CDE476B88801}
	EndProjectSection
EndProject
Project("{8BC9CEB8-8B4A-11D0-8D11-00A0C91BC942}") = "ALL_BUILD", "ALL_BUILD.vcxproj", "{78F369E6-E505-3859-B5CF-B399E5AC31CD}"
	ProjectSection(ProjectDependencies) = postProject
		{CA00FC56-E426-35EB-A838-E76F34142CC9} = {CA00FC56-E426-35EB-A838-E76F34142CC9}
		{C594AB96-A2DA-3818-86E2-6B760BFD59AB} = {C594AB96-A2DA-3818-86E2-6B760BFD59AB}
		{5DB4E8A9-3F5A-3CC3-918B-0DCF33D3B31A} = {5DB4E8A9-3F5A-3CC3-918B-0DCF33D3B31A}
		{753BD7B2-B6CE-3C3F-A656-A2766670DDDB} = {753BD7B2-B6CE-3C3F-A656-A2766670DDDB}
		{7A6E539A-3196-3C58-88EB-E7110C87B605} = {7A6E539A-3196-3C58-88EB-E7110C87B605}
		{0E85EC87-BC20-3E7C-8DFE-CDE476B88801} = {0E85EC87-BC20-3E7C-8DFE-CDE476B88801}
		{E8EC2766-04DA-304B-B04D-89F6826240EA} = {E8EC2766-04DA-304B-B04D-89F6826240EA}
		{A553E15B-46DF-3A82-9C6F-D9040312B992} = {A553E15B-46DF-3A82-9C6F-D9040312B992}
	EndProjectSection
EndProject
Project("{8BC9CEB8-8B4A-11D0-8D11-00A0C91BC942}") = "ZERO_CHECK", "ZERO_CHECK.vcxproj", "{CA00FC56-E426-35EB-A838-E76F34142CC9}"
	ProjectSection(ProjectDependencies) = postProject
	EndProjectSection
EndProject
Project("{8BC9CEB8-8B4A-11D0-8D11-00A0C91BC942}") = "box2d", "src\box2d.vcxproj", "{C594AB96-A2DA-3818-86E2-6B760BFD59AB}"
	ProjectSection(ProjectDependencies) = postProject
		{CA00FC56-E426-35EB-A838-E76F34142CC9} = {CA00FC56-E426-35EB-A838-E76F34142CC9}
	EndProjectSection
EndProject
Project("{8BC9CEB8-8B4A-11D0-8D11-00A0C91BC942}") = "glad", "extern\glad\glad.vcxproj", "{5DB4E8A9-3F5A-3CC3-918B-0DCF33D3B31A}"
	ProjectSection(ProjectDependencies) = postProject
		{CA00FC56-E426-35EB-A838-E76F34142CC9} = {CA00FC56-E426-35EB-A838-E76F34142CC9}
	EndProjectSection
EndProject
Project("{8BC9CEB8-8B4A-11D0-8D11-00A0C91BC942}") = "glfw", "extern\glfw\glfw.vcxproj", "{753BD7B2-B6CE-3C3F-A656-A2766670DDDB}"
	ProjectSection(ProjectDependencies) = postProject
		{CA00FC56-E426-35EB-A838-E76F34142CC9} = {CA00FC56-E426-35EB-A838-E76F34142CC9}
	EndProjectSection
EndProject
Project("{8BC9CEB8-8B4A-11D0-8D11-00A0C91BC942}") = "imgui", "extern\imgui\imgui.vcxproj", "{7A6E539A-3196-3C58-88EB-E7110C87B605}"
	ProjectSection(ProjectDependencies) = postProject
		{CA00FC56-E426-35EB-A838-E76F34142CC9} = {CA00FC56-E426-35EB-A838-E76F34142CC9}
	EndProjectSection
EndProject
Project("{8BC9CEB8-8B4A-11D0-8D11-00A0C91BC942}") = "sajson", "extern\sajson\sajson.vcxproj", "{0E85EC87-BC20-3E7C-8DFE-CDE476B88801}"
	ProjectSection(ProjectDependencies) = postProject
		{CA00FC56-E426-35EB-A838-E76F34142CC9} = {CA00FC56-E426-35EB-A838-E76F34142CC9}
	EndProjectSection
EndProject
Project("{8BC9CEB8-8B4A-11D0-8D11-00A0C91BC942}") = "unit_test", "unit-test\unit_test.vcxproj", "{A553E15B-46DF-3A82-9C6F-D9040312B992}"
	ProjectSection(ProjectDependencies) = postProject
		{CA00FC56-E426-35EB-A838-E76F34142CC9} = {CA00FC56-E426-35EB-A838-E76F34142CC9}
		{C594AB96-A2DA-3818-86E2-6B760BFD59AB} = {C594AB96-A2DA-3818-86E2-6B760BFD59AB}
	EndProjectSection
EndProject
Global
	GlobalSection(SolutionConfigurationPlatforms) = preSolution
		Debug|x64 = Debug|x64
		Release|x64 = Release|x64
		MinSizeRel|x64 = MinSizeRel|x64
		RelWithDebInfo|x64 = RelWithDebInfo|x64
	EndGlobalSection
	GlobalSection(ProjectConfigurationPlatforms) = postSolution
		{E8EC2766-04DA-304B-B04D-89F6826240EA}.Debug|x64.ActiveCfg = Debug|x64
		{E8EC2766-04DA-304B-B04D-89F6826240EA}.Debug|x64.Build.0 = Debug|x64
		{E8EC2766-04DA-304B-B04D-89F6826240EA}.Release|x64.ActiveCfg = Release|x64
		{E8EC2766-04DA-304B-B04D-89F6826240EA}.Release|x64.Build.0 = Release|x64
		{E8EC2766-04DA-304B-B04D-89F6826240EA}.MinSizeRel|x64.ActiveCfg = MinSizeRel|x64
		{E8EC2766-04DA-304B-B04D-89F6826240EA}.MinSizeRel|x64.Build.0 = MinSizeRel|x64
		{E8EC2766-04DA-304B-B04D-89F6826240EA}.RelWithDebInfo|x64.ActiveCfg = RelWithDebInfo|x64
		{E8EC2766-04DA-304B-B04D-89F6826240EA}.RelWithDebInfo|x64.Build.0 = RelWithDebInfo|x64
		{78F369E6-E505-3859-B5CF-B399E5AC31CD}.Debug|x64.ActiveCfg = Debug|x64
		{78F369E6-E505-3859-B5CF-B399E5AC31CD}.Release|x64.ActiveCfg = Release|x64
		{78F369E6-E505-3859-B5CF-B399E5AC31CD}.MinSizeRel|x64.ActiveCfg = MinSizeRel|x64
		{78F369E6-E505-3859-B5CF-B399E5AC31CD}.RelWithDebInfo|x64.ActiveCfg = RelWithDebInfo|x64
		{CA00FC56-E426-35EB-A838-E76F34142CC9}.Debug|x64.ActiveCfg = Debug|x64
		{CA00FC56-E426-35EB-A838-E76F34142CC9}.Debug|x64.Build.0 = Debug|x64
		{CA00FC56-E426-35EB-A838-E76F34142CC9}.Release|x64.ActiveCfg = Release|x64
		{CA00FC56-E426-35EB-A838-E76F34142CC9}.Release|x64.Build.0 = Release|x64
		{CA00FC56-E426-35EB-A838-E76F34142CC9}.MinSizeRel|x64.ActiveCfg = MinSizeRel|x64
		{CA00FC56-E426-35EB-A838-E76F34142CC9}.MinSizeRel|x64.Build.0 = MinSizeRel|x64
		{CA00FC56-E426-35EB-A838-E76F34142CC9}.RelWithDebInfo|x64.ActiveCfg = RelWithDebInfo|x64
		{CA00FC56-E426-35EB-A838-E76F34142CC9}.RelWithDebInfo|x64.Build.0 = RelWithDebInfo|x64
		{C594AB96-A2DA-3818-86E2-6B760BFD59AB}.Debug|x64.ActiveCfg = Debug|x64
		{C594AB96-A2DA-3818-86E2-6B760BFD59AB}.Debug|x64.Build.0 = Debug|x64
		{C594AB96-A2DA-3818-86E2-6B760BFD59AB}.Release|x64.ActiveCfg = Release|x64
		{C594AB96-A2DA-3818-86E2-6B760BFD59AB}.Release|x64.Build.0 = Release|x64
		{C594AB96-A2DA-3818-86E2-6B760BFD59AB}.MinSizeRel|x64.ActiveCfg = MinSizeRel|x64
		{C594AB96-A2DA-3818-86E2-6B760BFD59AB}.MinSizeRel|x64.Build.0 = MinSizeRel|x64
		{C594AB96-A2DA-3818-86E2-6B760BFD59AB}.RelWithDebInfo|x64.ActiveCfg = RelWithDebInfo|x64
		{C594AB96-A2DA-3818-86E2-6B760BFD59AB}.RelWithDebInfo|x64.Build.0 = RelWithDebInfo|x64
		{5DB4E8A9-3F5A-3CC3-918B-0DCF33D3B31A}.Debug|x64.ActiveCfg = Debug|x64
		{5DB4E8A9-3F5A-3CC3-918B-0DCF33D3B31A}.Debug|x64.Build.0 = Debug|x64
		{5DB4E8A9-3F5A-3CC3-918B-0DCF33D3B31A}.Release|x64.ActiveCfg = Release|x64
		{5DB4E8A9-3F5A-3CC3-918B-0DCF33D3B31A}.Release|x64.Build.0 = Release|x64
		{5DB4E8A9-3F5A-3CC3-918B-0DCF33D3B31A}.MinSizeRel|x64.ActiveCfg = MinSizeRel|x64
		{5DB4E8A9-3F5A-3CC3-918B-0DCF33D3B31A}.MinSizeRel|x64.Build.0 = MinSizeRel|x64
		{5DB4E8A9-3F5A-3CC3-918B-0DCF33D3B31A}.RelWithDebInfo|x64.ActiveCfg = RelWithDebInfo|x64
		{5DB4E8A9-3F5A-3CC3-918B-0DCF33D3B31A}.RelWithDebInfo|x64.Build.0 = RelWithDebInfo|x64
		{753BD7B2-B6CE-3C3F-A656-A2766670DDDB}.Debug|x64.ActiveCfg = Debug|x64
		{753BD7B2-B6CE-3C3F-A656-A2766670DDDB}.Debug|x64.Build.0 = Debug|x64
		{753BD7B2-B6CE-3C3F-A656-A2766670DDDB}.Release|x64.ActiveCfg = Release|x64
		{753BD7B2-B6CE-3C3F-A656-A2766670DDDB}.Release|x64.Build.0 = Release|x64
		{753BD7B2-B6CE-3C3F-A656-A2766670DDDB}.MinSizeRel|x64.ActiveCfg = MinSizeRel|x64
		{753BD7B2-B6CE-3C3F-A656-A2766670DDDB}.MinSizeRel|x64.Build.0 = MinSizeRel|x64
		{753BD7B2-B6CE-3C3F-A656-A2766670DDDB}.RelWithDebInfo|x64.ActiveCfg = RelWithDebInfo|x64
		{753BD7B2-B6CE-3C3F-A656-A2766670DDDB}.RelWithDebInfo|x64.Build.0 = RelWithDebInfo|x64
		{7A6E539A-3196-3C58-88EB-E7110C87B605}.Debug|x64.ActiveCfg = Debug|x64
		{7A6E539A-3196-3C58-88EB-E7110C87B605}.Debug|x64.Build.0 = Debug|x64
		{7A6E539A-3196-3C58-88EB-E7110C87B605}.Release|x64.ActiveCfg = Release|x64
		{7A6E539A-3196-3C58-88EB-E7110C87B605}.Release|x64.Build.0 = Release|x64
		{7A6E539A-3196-3C58-88EB-E7110C87B605}.MinSizeRel|x64.ActiveCfg = MinSizeRel|x64
		{7A6E539A-3196-3C58-88EB-E7110C87B605}.MinSizeRel|x64.Build.0 = MinSizeRel|x64
		{7A6E539A-3196-3C58-88EB-E7110C87B605}.RelWithDebInfo|x64.ActiveCfg = RelWithDebInfo|x64
		{7A6E539A-3196-3C58-88EB-E7110C87B605}.RelWithDebInfo|x64.Build.0 = RelWithDebInfo|x64
		{0E85EC87-BC20-3E7C-8DFE-CDE476B88801}.Debug|x64.ActiveCfg = Debug|x64
		{0E85EC87-BC20-3E7C-8DFE-CDE476B88801}.Debug|x64.Build.0 = Debug|x64
		{0E85EC87-BC20-3E7C-8DFE-CDE476B88801}.Release|x64.ActiveCfg = Release|x64
		{0E85EC87-BC20-3E7C-8DFE-CDE476B88801}.Release|x64.Build.0 = Release|x64
		{0E85EC87-BC20-3E7C-8DFE-CDE476B88801}.MinSizeRel|x64.ActiveCfg = MinSizeRel|x64
		{0E85EC87-BC20-3E7C-8DFE-CDE476B88801}.MinSizeRel|x64.Build.0 = MinSizeRel|x64
		{0E85EC87-BC20-3E7C-8DFE-CDE476B88801}.RelWithDebInfo|x64.ActiveCfg = RelWithDebInfo|x64
		{0E85EC87-BC20-3E7C-8DFE-CDE476B88801}.RelWithDebInfo|x64.Build.0 = RelWithDebInfo|x64
		{A553E15B-46DF-3A82-9C6F-D9040312B992}.Debug|x64.ActiveCfg = Debug|x64
		{A553E15B-46DF-3A82-9C6F-D9040312B992}.Debug|x64.Build.0 = Debug|x64
		{A553E15B-46DF-3A82-9C6F-D9040312B992}.Release|x64.ActiveCfg = Release|x64
		{A553E15B-46DF-3A82-9C6F-D9040312B992}.Release|x64.Build.0 = Release|x64
		{A553E15B-46DF-3A82-9C6F-D9040312B992}.MinSizeRel|x64.ActiveCfg = MinSizeRel|x64
		{A553E15B-46DF-3A82-9C6F-D9040312B992}.MinSizeRel|x64.Build.0 = MinSizeRel|x64
		{A553E15B-46DF-3A82-9C6F-D9040312B992}.RelWithDebInfo|x64.ActiveCfg = RelWithDebInfo|x64
		{A553E15B-46DF-3A82-9C6F-D9040312B992}.RelWithDebInfo|x64.Build.0 = RelWithDebInfo|x64
	EndGlobalSection
	GlobalSection(NestedProjects) = preSolution
		{78F369E6-E505-3859-B5CF-B399E5AC31CD} = {8E1A034F-5739-3D9D-8865-15BD3202F629}
		{CA00FC56-E426-35EB-A838-E76F34142CC9} = {8E1A034F-5739-3D9D-8865-15BD3202F629}
	EndGlobalSection
	GlobalSection(ExtensibilityGlobals) = postSolution
		SolutionGuid = {157C44FB-84C9-3AE7-AFED-8A20C1B0D044}
	EndGlobalSection
	GlobalSection(ExtensibilityAddIns) = postSolution
	EndGlobalSection
EndGlobal
