
Microsoft Visual Studio Solution File, Format Version 12.00
# Visual Studio Version 16
Project("{2150E333-8FDC-42A3-9474-1A3956D46DE8}") = "CMakePredefinedTargets", "CMakePredefinedTargets", "{B82BEFEB-AA71-385F-92A0-F69390A30537}"
EndProject
Project("{8BC9CEB8-8B4A-11D0-8D11-00A0C91BC942}") = "testbed", "testbed\testbed.vcxproj", "{763E1209-2DDB-31EA-85C5-09E37B170054}"
	ProjectSection(ProjectDependencies) = postProject
		{1DF534C0-5F0D-3C49-AAEE-23A464769507} = {1DF534C0-5F0D-3C49-AAEE-23A464769507}
		{ABB5DC6E-8A39-3F71-A1D4-EA32F181BFA9} = {ABB5DC6E-8A39-3F71-A1D4-EA32F181BFA9}
		{EB15ECF2-E592-33FC-82E8-2AAA166FF210} = {EB15ECF2-E592-33FC-82E8-2AAA166FF210}
		{2C3F4B09-B7E5-3116-BB3C-7D42A6E3E8BA} = {2C3F4B09-B7E5-3116-BB3C-7D42A6E3E8BA}
		{A20C98D6-21E1-3754-A7EE-E96559DADC54} = {A20C98D6-21E1-3754-A7EE-E96559DADC54}
		{BF9C87C2-1EB0-384A-BF97-56A322818CD8} = {BF9C87C2-1EB0-384A-BF97-56A322818CD8}
	EndProjectSection
EndProject
Project("{8BC9CEB8-8B4A-11D0-8D11-00A0C91BC942}") = "ALL_BUILD", "ALL_BUILD.vcxproj", "{452E6923-C3D5-3E6A-86BE-DB16ACE07844}"
	ProjectSection(ProjectDependencies) = postProject
		{1DF534C0-5F0D-3C49-AAEE-23A464769507} = {1DF534C0-5F0D-3C49-AAEE-23A464769507}
		{ABB5DC6E-8A39-3F71-A1D4-EA32F181BFA9} = {ABB5DC6E-8A39-3F71-A1D4-EA32F181BFA9}
		{EB15ECF2-E592-33FC-82E8-2AAA166FF210} = {EB15ECF2-E592-33FC-82E8-2AAA166FF210}
		{2C3F4B09-B7E5-3116-BB3C-7D42A6E3E8BA} = {2C3F4B09-B7E5-3116-BB3C-7D42A6E3E8BA}
		{A20C98D6-21E1-3754-A7EE-E96559DADC54} = {A20C98D6-21E1-3754-A7EE-E96559DADC54}
		{BF9C87C2-1EB0-384A-BF97-56A322818CD8} = {BF9C87C2-1EB0-384A-BF97-56A322818CD8}
		{763E1209-2DDB-31EA-85C5-09E37B170054} = {763E1209-2DDB-31EA-85C5-09E37B170054}
		{E45BB0AD-3BE7-38A4-B4B5-75848195794E} = {E45BB0AD-3BE7-38A4-B4B5-75848195794E}
	EndProjectSection
EndProject
Project("{8BC9CEB8-8B4A-11D0-8D11-00A0C91BC942}") = "ZERO_CHECK", "ZERO_CHECK.vcxproj", "{1DF534C0-5F0D-3C49-AAEE-23A464769507}"
	ProjectSection(ProjectDependencies) = postProject
	EndProjectSection
EndProject
Project("{8BC9CEB8-8B4A-11D0-8D11-00A0C91BC942}") = "box2d", "src\box2d.vcxproj", "{ABB5DC6E-8A39-3F71-A1D4-EA32F181BFA9}"
	ProjectSection(ProjectDependencies) = postProject
		{1DF534C0-5F0D-3C49-AAEE-23A464769507} = {1DF534C0-5F0D-3C49-AAEE-23A464769507}
	EndProjectSection
EndProject
Project("{8BC9CEB8-8B4A-11D0-8D11-00A0C91BC942}") = "glad", "extern\glad\glad.vcxproj", "{EB15ECF2-E592-33FC-82E8-2AAA166FF210}"
	ProjectSection(ProjectDependencies) = postProject
		{1DF534C0-5F0D-3C49-AAEE-23A464769507} = {1DF534C0-5F0D-3C49-AAEE-23A464769507}
	EndProjectSection
EndProject
Project("{8BC9CEB8-8B4A-11D0-8D11-00A0C91BC942}") = "glfw", "extern\glfw\glfw.vcxproj", "{2C3F4B09-B7E5-3116-BB3C-7D42A6E3E8BA}"
	ProjectSection(ProjectDependencies) = postProject
		{1DF534C0-5F0D-3C49-AAEE-23A464769507} = {1DF534C0-5F0D-3C49-AAEE-23A464769507}
	EndProjectSection
EndProject
Project("{8BC9CEB8-8B4A-11D0-8D11-00A0C91BC942}") = "imgui", "extern\imgui\imgui.vcxproj", "{A20C98D6-21E1-3754-A7EE-E96559DADC54}"
	ProjectSection(ProjectDependencies) = postProject
		{1DF534C0-5F0D-3C49-AAEE-23A464769507} = {1DF534C0-5F0D-3C49-AAEE-23A464769507}
	EndProjectSection
EndProject
Project("{8BC9CEB8-8B4A-11D0-8D11-00A0C91BC942}") = "sajson", "extern\sajson\sajson.vcxproj", "{BF9C87C2-1EB0-384A-BF97-56A322818CD8}"
	ProjectSection(ProjectDependencies) = postProject
		{1DF534C0-5F0D-3C49-AAEE-23A464769507} = {1DF534C0-5F0D-3C49-AAEE-23A464769507}
	EndProjectSection
EndProject
Project("{8BC9CEB8-8B4A-11D0-8D11-00A0C91BC942}") = "unit_test", "unit-test\unit_test.vcxproj", "{E45BB0AD-3BE7-38A4-B4B5-75848195794E}"
	ProjectSection(ProjectDependencies) = postProject
		{1DF534C0-5F0D-3C49-AAEE-23A464769507} = {1DF534C0-5F0D-3C49-AAEE-23A464769507}
		{ABB5DC6E-8A39-3F71-A1D4-EA32F181BFA9} = {ABB5DC6E-8A39-3F71-A1D4-EA32F181BFA9}
	EndProjectSection
EndProject
Global
	GlobalSection(SolutionConfigurationPlatforms) = preSolution
		Debug|x64 = Debug|x64
		Release|x64 = Release|x64
		MinSizeRel|x64 = MinSizeRel|x64
		RelWithDebInfo|x64 = RelWithDebInfo|x64
	EndGlobalSection
	GlobalSection(ProjectConfigurationPlatforms) = postSolution
		{763E1209-2DDB-31EA-85C5-09E37B170054}.Debug|x64.ActiveCfg = Debug|x64
		{763E1209-2DDB-31EA-85C5-09E37B170054}.Debug|x64.Build.0 = Debug|x64
		{763E1209-2DDB-31EA-85C5-09E37B170054}.Release|x64.ActiveCfg = Release|x64
		{763E1209-2DDB-31EA-85C5-09E37B170054}.Release|x64.Build.0 = Release|x64
		{763E1209-2DDB-31EA-85C5-09E37B170054}.MinSizeRel|x64.ActiveCfg = MinSizeRel|x64
		{763E1209-2DDB-31EA-85C5-09E37B170054}.MinSizeRel|x64.Build.0 = MinSizeRel|x64
		{763E1209-2DDB-31EA-85C5-09E37B170054}.RelWithDebInfo|x64.ActiveCfg = RelWithDebInfo|x64
		{763E1209-2DDB-31EA-85C5-09E37B170054}.RelWithDebInfo|x64.Build.0 = RelWithDebInfo|x64
		{452E6923-C3D5-3E6A-86BE-DB16ACE07844}.Debug|x64.ActiveCfg = Debug|x64
		{452E6923-C3D5-3E6A-86BE-DB16ACE07844}.Release|x64.ActiveCfg = Release|x64
		{452E6923-C3D5-3E6A-86BE-DB16ACE07844}.MinSizeRel|x64.ActiveCfg = MinSizeRel|x64
		{452E6923-C3D5-3E6A-86BE-DB16ACE07844}.RelWithDebInfo|x64.ActiveCfg = RelWithDebInfo|x64
		{1DF534C0-5F0D-3C49-AAEE-23A464769507}.Debug|x64.ActiveCfg = Debug|x64
		{1DF534C0-5F0D-3C49-AAEE-23A464769507}.Debug|x64.Build.0 = Debug|x64
		{1DF534C0-5F0D-3C49-AAEE-23A464769507}.Release|x64.ActiveCfg = Release|x64
		{1DF534C0-5F0D-3C49-AAEE-23A464769507}.Release|x64.Build.0 = Release|x64
		{1DF534C0-5F0D-3C49-AAEE-23A464769507}.MinSizeRel|x64.ActiveCfg = MinSizeRel|x64
		{1DF534C0-5F0D-3C49-AAEE-23A464769507}.MinSizeRel|x64.Build.0 = MinSizeRel|x64
		{1DF534C0-5F0D-3C49-AAEE-23A464769507}.RelWithDebInfo|x64.ActiveCfg = RelWithDebInfo|x64
		{1DF534C0-5F0D-3C49-AAEE-23A464769507}.RelWithDebInfo|x64.Build.0 = RelWithDebInfo|x64
		{ABB5DC6E-8A39-3F71-A1D4-EA32F181BFA9}.Debug|x64.ActiveCfg = Debug|x64
		{ABB5DC6E-8A39-3F71-A1D4-EA32F181BFA9}.Debug|x64.Build.0 = Debug|x64
		{ABB5DC6E-8A39-3F71-A1D4-EA32F181BFA9}.Release|x64.ActiveCfg = Release|x64
		{ABB5DC6E-8A39-3F71-A1D4-EA32F181BFA9}.Release|x64.Build.0 = Release|x64
		{ABB5DC6E-8A39-3F71-A1D4-EA32F181BFA9}.MinSizeRel|x64.ActiveCfg = MinSizeRel|x64
		{ABB5DC6E-8A39-3F71-A1D4-EA32F181BFA9}.MinSizeRel|x64.Build.0 = MinSizeRel|x64
		{ABB5DC6E-8A39-3F71-A1D4-EA32F181BFA9}.RelWithDebInfo|x64.ActiveCfg = RelWithDebInfo|x64
		{ABB5DC6E-8A39-3F71-A1D4-EA32F181BFA9}.RelWithDebInfo|x64.Build.0 = RelWithDebInfo|x64
		{EB15ECF2-E592-33FC-82E8-2AAA166FF210}.Debug|x64.ActiveCfg = Debug|x64
		{EB15ECF2-E592-33FC-82E8-2AAA166FF210}.Debug|x64.Build.0 = Debug|x64
		{EB15ECF2-E592-33FC-82E8-2AAA166FF210}.Release|x64.ActiveCfg = Release|x64
		{EB15ECF2-E592-33FC-82E8-2AAA166FF210}.Release|x64.Build.0 = Release|x64
		{EB15ECF2-E592-33FC-82E8-2AAA166FF210}.MinSizeRel|x64.ActiveCfg = MinSizeRel|x64
		{EB15ECF2-E592-33FC-82E8-2AAA166FF210}.MinSizeRel|x64.Build.0 = MinSizeRel|x64
		{EB15ECF2-E592-33FC-82E8-2AAA166FF210}.RelWithDebInfo|x64.ActiveCfg = RelWithDebInfo|x64
		{EB15ECF2-E592-33FC-82E8-2AAA166FF210}.RelWithDebInfo|x64.Build.0 = RelWithDebInfo|x64
		{2C3F4B09-B7E5-3116-BB3C-7D42A6E3E8BA}.Debug|x64.ActiveCfg = Debug|x64
		{2C3F4B09-B7E5-3116-BB3C-7D42A6E3E8BA}.Debug|x64.Build.0 = Debug|x64
		{2C3F4B09-B7E5-3116-BB3C-7D42A6E3E8BA}.Release|x64.ActiveCfg = Release|x64
		{2C3F4B09-B7E5-3116-BB3C-7D42A6E3E8BA}.Release|x64.Build.0 = Release|x64
		{2C3F4B09-B7E5-3116-BB3C-7D42A6E3E8BA}.MinSizeRel|x64.ActiveCfg = MinSizeRel|x64
		{2C3F4B09-B7E5-3116-BB3C-7D42A6E3E8BA}.MinSizeRel|x64.Build.0 = MinSizeRel|x64
		{2C3F4B09-B7E5-3116-BB3C-7D42A6E3E8BA}.RelWithDebInfo|x64.ActiveCfg = RelWithDebInfo|x64
		{2C3F4B09-B7E5-3116-BB3C-7D42A6E3E8BA}.RelWithDebInfo|x64.Build.0 = RelWithDebInfo|x64
		{A20C98D6-21E1-3754-A7EE-E96559DADC54}.Debug|x64.ActiveCfg = Debug|x64
		{A20C98D6-21E1-3754-A7EE-E96559DADC54}.Debug|x64.Build.0 = Debug|x64
		{A20C98D6-21E1-3754-A7EE-E96559DADC54}.Release|x64.ActiveCfg = Release|x64
		{A20C98D6-21E1-3754-A7EE-E96559DADC54}.Release|x64.Build.0 = Release|x64
		{A20C98D6-21E1-3754-A7EE-E96559DADC54}.MinSizeRel|x64.ActiveCfg = MinSizeRel|x64
		{A20C98D6-21E1-3754-A7EE-E96559DADC54}.MinSizeRel|x64.Build.0 = MinSizeRel|x64
		{A20C98D6-21E1-3754-A7EE-E96559DADC54}.RelWithDebInfo|x64.ActiveCfg = RelWithDebInfo|x64
		{A20C98D6-21E1-3754-A7EE-E96559DADC54}.RelWithDebInfo|x64.Build.0 = RelWithDebInfo|x64
		{BF9C87C2-1EB0-384A-BF97-56A322818CD8}.Debug|x64.ActiveCfg = Debug|x64
		{BF9C87C2-1EB0-384A-BF97-56A322818CD8}.Debug|x64.Build.0 = Debug|x64
		{BF9C87C2-1EB0-384A-BF97-56A322818CD8}.Release|x64.ActiveCfg = Release|x64
		{BF9C87C2-1EB0-384A-BF97-56A322818CD8}.Release|x64.Build.0 = Release|x64
		{BF9C87C2-1EB0-384A-BF97-56A322818CD8}.MinSizeRel|x64.ActiveCfg = MinSizeRel|x64
		{BF9C87C2-1EB0-384A-BF97-56A322818CD8}.MinSizeRel|x64.Build.0 = MinSizeRel|x64
		{BF9C87C2-1EB0-384A-BF97-56A322818CD8}.RelWithDebInfo|x64.ActiveCfg = RelWithDebInfo|x64
		{BF9C87C2-1EB0-384A-BF97-56A322818CD8}.RelWithDebInfo|x64.Build.0 = RelWithDebInfo|x64
		{E45BB0AD-3BE7-38A4-B4B5-75848195794E}.Debug|x64.ActiveCfg = Debug|x64
		{E45BB0AD-3BE7-38A4-B4B5-75848195794E}.Debug|x64.Build.0 = Debug|x64
		{E45BB0AD-3BE7-38A4-B4B5-75848195794E}.Release|x64.ActiveCfg = Release|x64
		{E45BB0AD-3BE7-38A4-B4B5-75848195794E}.Release|x64.Build.0 = Release|x64
		{E45BB0AD-3BE7-38A4-B4B5-75848195794E}.MinSizeRel|x64.ActiveCfg = MinSizeRel|x64
		{E45BB0AD-3BE7-38A4-B4B5-75848195794E}.MinSizeRel|x64.Build.0 = MinSizeRel|x64
		{E45BB0AD-3BE7-38A4-B4B5-75848195794E}.RelWithDebInfo|x64.ActiveCfg = RelWithDebInfo|x64
		{E45BB0AD-3BE7-38A4-B4B5-75848195794E}.RelWithDebInfo|x64.Build.0 = RelWithDebInfo|x64
	EndGlobalSection
	GlobalSection(NestedProjects) = preSolution
		{452E6923-C3D5-3E6A-86BE-DB16ACE07844} = {B82BEFEB-AA71-385F-92A0-F69390A30537}
		{1DF534C0-5F0D-3C49-AAEE-23A464769507} = {B82BEFEB-AA71-385F-92A0-F69390A30537}
	EndGlobalSection
	GlobalSection(ExtensibilityGlobals) = postSolution
		SolutionGuid = {1621E1E0-A043-3184-B50F-5CE1CFD68973}
	EndGlobalSection
	GlobalSection(ExtensibilityAddIns) = postSolution
	EndGlobalSection
EndGlobal
