
Microsoft Visual Studio Solution File, Format Version 12.00
# Visual Studio Version 16
VisualStudioVersion = 16.0.29411.108
MinimumVisualStudioVersion = 10.0.40219.1
Project("{8BC9CEB8-8B4A-11D0-8D11-00A0C91BC942}") = "SDGJ2020", "SDGJ2020.vcxproj", "{CD1FFA11-D796-41E4-9D84-0457BC2B42C8}"
EndProject
Project("{8BC9CEB8-8B4A-11D0-8D11-00A0C91BC942}") = "box2d", "..\external-projects\box2d-proj\src\box2d.vcxproj", "{ABB5DC6E-8A39-3F71-A1D4-EA32F181BFA9}"
EndProject
Project("{8BC9CEB8-8B4A-11D0-8D11-00A0C91BC942}") = "glm_static", "..\external-projects\glm-proj\glm\glm_static.vcxproj", "{4D728DB1-46E9-3288-8C78-3E13B31C493E}"
EndProject
Global
	GlobalSection(SolutionConfigurationPlatforms) = preSolution
		Debug|x64 = Debug|x64
		Debug|x86 = Debug|x86
		MinSizeRel|x64 = MinSizeRel|x64
		MinSizeRel|x86 = MinSizeRel|x86
		Release|x64 = Release|x64
		Release|x86 = Release|x86
		RelWithDebInfo|x64 = RelWithDebInfo|x64
		RelWithDebInfo|x86 = RelWithDebInfo|x86
	EndGlobalSection
	GlobalSection(ProjectConfigurationPlatforms) = postSolution
		{CD1FFA11-D796-41E4-9D84-0457BC2B42C8}.Debug|x64.ActiveCfg = Debug|x64
		{CD1FFA11-D796-41E4-9D84-0457BC2B42C8}.Debug|x64.Build.0 = Debug|x64
		{CD1FFA11-D796-41E4-9D84-0457BC2B42C8}.Debug|x86.ActiveCfg = Debug|Win32
		{CD1FFA11-D796-41E4-9D84-0457BC2B42C8}.Debug|x86.Build.0 = Debug|Win32
		{CD1FFA11-D796-41E4-9D84-0457BC2B42C8}.MinSizeRel|x64.ActiveCfg = Release|x64
		{CD1FFA11-D796-41E4-9D84-0457BC2B42C8}.MinSizeRel|x64.Build.0 = Release|x64
		{CD1FFA11-D796-41E4-9D84-0457BC2B42C8}.MinSizeRel|x86.ActiveCfg = Release|Win32
		{CD1FFA11-D796-41E4-9D84-0457BC2B42C8}.MinSizeRel|x86.Build.0 = Release|Win32
		{CD1FFA11-D796-41E4-9D84-0457BC2B42C8}.Release|x64.ActiveCfg = Release|x64
		{CD1FFA11-D796-41E4-9D84-0457BC2B42C8}.Release|x64.Build.0 = Release|x64
		{CD1FFA11-D796-41E4-9D84-0457BC2B42C8}.Release|x86.ActiveCfg = Release|Win32
		{CD1FFA11-D796-41E4-9D84-0457BC2B42C8}.Release|x86.Build.0 = Release|Win32
		{CD1FFA11-D796-41E4-9D84-0457BC2B42C8}.RelWithDebInfo|x64.ActiveCfg = Release|x64
		{CD1FFA11-D796-41E4-9D84-0457BC2B42C8}.RelWithDebInfo|x64.Build.0 = Release|x64
		{CD1FFA11-D796-41E4-9D84-0457BC2B42C8}.RelWithDebInfo|x86.ActiveCfg = Release|Win32
		{CD1FFA11-D796-41E4-9D84-0457BC2B42C8}.RelWithDebInfo|x86.Build.0 = Release|Win32
		{ABB5DC6E-8A39-3F71-A1D4-EA32F181BFA9}.Debug|x64.ActiveCfg = Debug|x64
		{ABB5DC6E-8A39-3F71-A1D4-EA32F181BFA9}.Debug|x64.Build.0 = Debug|x64
		{ABB5DC6E-8A39-3F71-A1D4-EA32F181BFA9}.Debug|x86.ActiveCfg = Debug|x64
		{ABB5DC6E-8A39-3F71-A1D4-EA32F181BFA9}.MinSizeRel|x64.ActiveCfg = MinSizeRel|x64
		{ABB5DC6E-8A39-3F71-A1D4-EA32F181BFA9}.MinSizeRel|x64.Build.0 = MinSizeRel|x64
		{ABB5DC6E-8A39-3F71-A1D4-EA32F181BFA9}.MinSizeRel|x86.ActiveCfg = MinSizeRel|x64
		{ABB5DC6E-8A39-3F71-A1D4-EA32F181BFA9}.Release|x64.ActiveCfg = Release|x64
		{ABB5DC6E-8A39-3F71-A1D4-EA32F181BFA9}.Release|x64.Build.0 = Release|x64
		{ABB5DC6E-8A39-3F71-A1D4-EA32F181BFA9}.Release|x86.ActiveCfg = Release|x64
		{ABB5DC6E-8A39-3F71-A1D4-EA32F181BFA9}.RelWithDebInfo|x64.ActiveCfg = RelWithDebInfo|x64
		{ABB5DC6E-8A39-3F71-A1D4-EA32F181BFA9}.RelWithDebInfo|x64.Build.0 = RelWithDebInfo|x64
		{ABB5DC6E-8A39-3F71-A1D4-EA32F181BFA9}.RelWithDebInfo|x86.ActiveCfg = RelWithDebInfo|x64
		{4D728DB1-46E9-3288-8C78-3E13B31C493E}.Debug|x64.ActiveCfg = Debug|x64
		{4D728DB1-46E9-3288-8C78-3E13B31C493E}.Debug|x64.Build.0 = Debug|x64
		{4D728DB1-46E9-3288-8C78-3E13B31C493E}.Debug|x86.ActiveCfg = Debug|x64
		{4D728DB1-46E9-3288-8C78-3E13B31C493E}.MinSizeRel|x64.ActiveCfg = MinSizeRel|x64
		{4D728DB1-46E9-3288-8C78-3E13B31C493E}.MinSizeRel|x64.Build.0 = MinSizeRel|x64
		{4D728DB1-46E9-3288-8C78-3E13B31C493E}.MinSizeRel|x86.ActiveCfg = MinSizeRel|x64
		{4D728DB1-46E9-3288-8C78-3E13B31C493E}.Release|x64.ActiveCfg = Release|x64
		{4D728DB1-46E9-3288-8C78-3E13B31C493E}.Release|x64.Build.0 = Release|x64
		{4D728DB1-46E9-3288-8C78-3E13B31C493E}.Release|x86.ActiveCfg = Release|x64
		{4D728DB1-46E9-3288-8C78-3E13B31C493E}.RelWithDebInfo|x64.ActiveCfg = RelWithDebInfo|x64
		{4D728DB1-46E9-3288-8C78-3E13B31C493E}.RelWithDebInfo|x64.Build.0 = RelWithDebInfo|x64
		{4D728DB1-46E9-3288-8C78-3E13B31C493E}.RelWithDebInfo|x86.ActiveCfg = RelWithDebInfo|x64
	EndGlobalSection
	GlobalSection(SolutionProperties) = preSolution
		HideSolutionNode = FALSE
	EndGlobalSection
	GlobalSection(ExtensibilityGlobals) = postSolution
		SolutionGuid = {F21C6705-6F2A-43A5-A6AE-ADFFC1BEA6EB}
	EndGlobalSection
EndGlobal
