<?xml version="1.0" encoding="utf-8"?>
<Project ToolsVersion="4.0" xmlns="http://schemas.microsoft.com/developer/msbuild/2003">
  <ItemGroup>
    <Filter Include="core">
      <UniqueIdentifier>{e20d6cde-0bfa-4f23-abec-fdd4b44304d6}</UniqueIdentifier>
    </Filter>
    <Filter Include="external">
      <UniqueIdentifier>{789224f4-5dba-4b2d-a176-b49e519f812e}</UniqueIdentifier>
    </Filter>
    <Filter Include="game">
      <UniqueIdentifier>{93d1836f-9b15-410a-9351-c89656e66e4a}</UniqueIdentifier>
    </Filter>
  </ItemGroup>
  <ItemGroup>
    <ClCompile Include="core\game.cpp">
      <Filter>core</Filter>
    </ClCompile>
    <ClCompile Include="core\window.cpp">
      <Filter>core</Filter>
    </ClCompile>
    <ClCompile Include="main.cpp" />
    <ClCompile Include="core\audio.cpp">
      <Filter>core</Filter>
    </ClCompile>
    <ClCompile Include="core\asset-manager.cpp">
      <Filter>core</Filter>
    </ClCompile>
    <ClCompile Include="core\binary-asset.cpp">
      <Filter>core</Filter>
    </ClCompile>
    <ClCompile Include="core\texture.cpp">
      <Filter>core</Filter>
    </ClCompile>
    <ClCompile Include="core\entity.cpp">
      <Filter>core</Filter>
    </ClCompile>
    <ClCompile Include="core\metronome.cpp">
      <Filter>core</Filter>
    </ClCompile>
    <ClCompile Include="core\Input.cpp">
      <Filter>core</Filter>
    </ClCompile>
    <ClCompile Include="core\component.cpp">
      <Filter>core</Filter>
    </ClCompile>
    <ClCompile Include="core\renderable.cpp">
      <Filter>core</Filter>
    </ClCompile>
    <ClCompile Include="core\renderer.cpp">
      <Filter>core</Filter>
    </ClCompile>
    <ClCompile Include="core\camera.cpp">
      <Filter>core</Filter>
    </ClCompile>
    <ClCompile Include="core\time.cpp">
      <Filter>core</Filter>
    </ClCompile>
    <ClCompile Include="core\player-controller.cpp">
      <Filter>game</Filter>
    </ClCompile>
    <ClCompile Include="core\ui.cpp">
      <Filter>core</Filter>
    </ClCompile>
    <ClCompile Include="core\shader.cpp">
      <Filter>core</Filter>
    </ClCompile>
    <ClCompile Include="core\animatable.cpp">
      <Filter>core</Filter>
    </ClCompile>
    <ClCompile Include="core\animation.cpp">
      <Filter>core</Filter>
    </ClCompile>
    <ClCompile Include="core\Entity_Controller.cpp">
      <Filter>core</Filter>
    </ClCompile>
    <ClCompile Include="core\beatCounter.cpp">
      <Filter>core</Filter>
    </ClCompile>
    <ClCompile Include="game\dance-floor-visual-controller.cpp">
      <Filter>game</Filter>
    </ClCompile>
    <ClCompile Include="core\CharacterCollision.cpp">
      <Filter>core</Filter>
    </ClCompile>
  </ItemGroup>
  <ItemGroup>
    <ClInclude Include="core\game.h">
      <Filter>core</Filter>
    </ClInclude>
    <ClInclude Include="core\ISystem.h">
      <Filter>core</Filter>
    </ClInclude>
    <ClInclude Include="core\window.h">
      <Filter>core</Filter>
    </ClInclude>
    <ClInclude Include="external\stb_image.h">
      <Filter>external</Filter>
    </ClInclude>
    <ClInclude Include="core\assert.h">
      <Filter>core</Filter>
    </ClInclude>
    <ClInclude Include="core\audio.h">
      <Filter>core</Filter>
    </ClInclude>
    <ClInclude Include="core\clip-defs.h">
      <Filter>core</Filter>
    </ClInclude>
    <ClInclude Include="core\asset-manager.h">
      <Filter>core</Filter>
    </ClInclude>
    <ClInclude Include="external\dirent.h">
      <Filter>external</Filter>
    </ClInclude>
    <ClInclude Include="core\binary-asset.h">
      <Filter>core</Filter>
    </ClInclude>
    <ClInclude Include="core\texture.h">
      <Filter>core</Filter>
    </ClInclude>
    <ClInclude Include="core\entity.h">
      <Filter>core</Filter>
    </ClInclude>
    <ClInclude Include="core\metronome.h">
      <Filter>core</Filter>
    </ClInclude>
    <ClInclude Include="core\Input.h">
      <Filter>core</Filter>
    </ClInclude>
    <ClInclude Include="core\component.h">
      <Filter>core</Filter>
    </ClInclude>
    <ClInclude Include="core\renderable.h">
      <Filter>core</Filter>
    </ClInclude>
    <ClInclude Include="core\renderer.h">
      <Filter>core</Filter>
    </ClInclude>
    <ClInclude Include="core\camera.h">
      <Filter>core</Filter>
    </ClInclude>
    <ClInclude Include="core\time.h">
      <Filter>core</Filter>
    </ClInclude>
    <ClInclude Include="core\player-controller.h">
      <Filter>game</Filter>
    </ClInclude>
    <ClInclude Include="core\ui.h">
      <Filter>core</Filter>
    </ClInclude>
    <ClInclude Include="core\shader.h">
      <Filter>core</Filter>
    </ClInclude>
    <ClInclude Include="core\animatable.h">
      <Filter>core</Filter>
    </ClInclude>
    <ClInclude Include="core\animation.h">
      <Filter>core</Filter>
    </ClInclude>
    <ClInclude Include="core\Entity_Controller.h">
      <Filter>core</Filter>
    </ClInclude>
    <ClInclude Include="beatCounter.h" />
    <ClInclude Include="core\beatCounter.h">
      <Filter>core</Filter>
    </ClInclude>
    <ClInclude Include="game\dance-floor-visual-controller.h">
      <Filter>game</Filter>
    </ClInclude>
    <ClInclude Include="core\CharacterCollision.h">
      <Filter>core</Filter>
    </ClInclude>
  </ItemGroup>
</Project>