
Microsoft Visual Studio Solution File, Format Version 12.00
# Visual Studio Version 16
Project("{2150E333-8FDC-42A3-9474-1A3956D46DE8}") = "CMakePredefinedTargets", "CMakePredefinedTargets", "{F6552A67-C9B3-3035-9772-B8BD9CA1E27C}"
EndProject
Project("{8BC9CEB8-8B4A-11D0-8D11-00A0C91BC942}") = "testbed", "testbed\testbed.vcxproj", "{115B1C5A-F272-321F-9E6E-E3E8AC482A33}"
	ProjectSection(ProjectDependencies) = postProject
		{4B118820-E85C-3A62-854E-6B9A8F0098CB} = {4B118820-E85C-3A62-854E-6B9A8F0098CB}
		{FA573C5E-B7FC-328C-87BC-19AFA411FE2C} = {FA573C5E-B7FC-328C-87BC-19AFA411FE2C}
		{024F3E84-9419-3D85-8F67-96537B7B5283} = {024F3E84-9419-3D85-8F67-96537B7B5283}
		{95E57A43-3F82-3BA1-96AB-E06D932D1290} = {95E57A43-3F82-3BA1-96AB-E06D932D1290}
		{1CD8BB13-4394-383A-A798-C8F9F0D7B51F} = {1CD8BB13-4394-383A-A798-C8F9F0D7B51F}
		{84B5C0E9-62D7-35EB-8FA0-1D6E3AEDE9ED} = {84B5C0E9-62D7-35EB-8FA0-1D6E3AEDE9ED}
	EndProjectSection
EndProject
Project("{8BC9CEB8-8B4A-11D0-8D11-00A0C91BC942}") = "ALL_BUILD", "ALL_BUILD.vcxproj", "{A28D4049-6CD5-3578-A09F-B6140F5BFA12}"
	ProjectSection(ProjectDependencies) = postProject
		{4B118820-E85C-3A62-854E-6B9A8F0098CB} = {4B118820-E85C-3A62-854E-6B9A8F0098CB}
		{FA573C5E-B7FC-328C-87BC-19AFA411FE2C} = {FA573C5E-B7FC-328C-87BC-19AFA411FE2C}
		{024F3E84-9419-3D85-8F67-96537B7B5283} = {024F3E84-9419-3D85-8F67-96537B7B5283}
		{95E57A43-3F82-3BA1-96AB-E06D932D1290} = {95E57A43-3F82-3BA1-96AB-E06D932D1290}
		{1CD8BB13-4394-383A-A798-C8F9F0D7B51F} = {1CD8BB13-4394-383A-A798-C8F9F0D7B51F}
		{84B5C0E9-62D7-35EB-8FA0-1D6E3AEDE9ED} = {84B5C0E9-62D7-35EB-8FA0-1D6E3AEDE9ED}
		{115B1C5A-F272-321F-9E6E-E3E8AC482A33} = {115B1C5A-F272-321F-9E6E-E3E8AC482A33}
		{9739D9A6-D975-33FD-8B5B-8553013A7607} = {9739D9A6-D975-33FD-8B5B-8553013A7607}
	EndProjectSection
EndProject
Project("{8BC9CEB8-8B4A-11D0-8D11-00A0C91BC942}") = "ZERO_CHECK", "ZERO_CHECK.vcxproj", "{4B118820-E85C-3A62-854E-6B9A8F0098CB}"
	ProjectSection(ProjectDependencies) = postProject
	EndProjectSection
EndProject
Project("{8BC9CEB8-8B4A-11D0-8D11-00A0C91BC942}") = "box2d", "src\box2d.vcxproj", "{FA573C5E-B7FC-328C-87BC-19AFA411FE2C}"
	ProjectSection(ProjectDependencies) = postProject
		{4B118820-E85C-3A62-854E-6B9A8F0098CB} = {4B118820-E85C-3A62-854E-6B9A8F0098CB}
	EndProjectSection
EndProject
Project("{8BC9CEB8-8B4A-11D0-8D11-00A0C91BC942}") = "glad", "extern\glad\glad.vcxproj", "{024F3E84-9419-3D85-8F67-96537B7B5283}"
	ProjectSection(ProjectDependencies) = postProject
		{4B118820-E85C-3A62-854E-6B9A8F0098CB} = {4B118820-E85C-3A62-854E-6B9A8F0098CB}
	EndProjectSection
EndProject
Project("{8BC9CEB8-8B4A-11D0-8D11-00A0C91BC942}") = "glfw", "extern\glfw\glfw.vcxproj", "{95E57A43-3F82-3BA1-96AB-E06D932D1290}"
	ProjectSection(ProjectDependencies) = postProject
		{4B118820-E85C-3A62-854E-6B9A8F0098CB} = {4B118820-E85C-3A62-854E-6B9A8F0098CB}
	EndProjectSection
EndProject
Project("{8BC9CEB8-8B4A-11D0-8D11-00A0C91BC942}") = "imgui", "extern\imgui\imgui.vcxproj", "{1CD8BB13-4394-383A-A798-C8F9F0D7B51F}"
	ProjectSection(ProjectDependencies) = postProject
		{4B118820-E85C-3A62-854E-6B9A8F0098CB} = {4B118820-E85C-3A62-854E-6B9A8F0098CB}
	EndProjectSection
EndProject
Project("{8BC9CEB8-8B4A-11D0-8D11-00A0C91BC942}") = "sajson", "extern\sajson\sajson.vcxproj", "{84B5C0E9-62D7-35EB-8FA0-1D6E3AEDE9ED}"
	ProjectSection(ProjectDependencies) = postProject
		{4B118820-E85C-3A62-854E-6B9A8F0098CB} = {4B118820-E85C-3A62-854E-6B9A8F0098CB}
	EndProjectSection
EndProject
Project("{8BC9CEB8-8B4A-11D0-8D11-00A0C91BC942}") = "unit_test", "unit-test\unit_test.vcxproj", "{9739D9A6-D975-33FD-8B5B-8553013A7607}"
	ProjectSection(ProjectDependencies) = postProject
		{4B118820-E85C-3A62-854E-6B9A8F0098CB} = {4B118820-E85C-3A62-854E-6B9A8F0098CB}
		{FA573C5E-B7FC-328C-87BC-19AFA411FE2C} = {FA573C5E-B7FC-328C-87BC-19AFA411FE2C}
	EndProjectSection
EndProject
Global
	GlobalSection(SolutionConfigurationPlatforms) = preSolution
		Debug|x64 = Debug|x64
		Release|x64 = Release|x64
		MinSizeRel|x64 = MinSizeRel|x64
		RelWithDebInfo|x64 = RelWithDebInfo|x64
	EndGlobalSection
	GlobalSection(ProjectConfigurationPlatforms) = postSolution
		{115B1C5A-F272-321F-9E6E-E3E8AC482A33}.Debug|x64.ActiveCfg = Debug|x64
		{115B1C5A-F272-321F-9E6E-E3E8AC482A33}.Debug|x64.Build.0 = Debug|x64
		{115B1C5A-F272-321F-9E6E-E3E8AC482A33}.Release|x64.ActiveCfg = Release|x64
		{115B1C5A-F272-321F-9E6E-E3E8AC482A33}.Release|x64.Build.0 = Release|x64
		{115B1C5A-F272-321F-9E6E-E3E8AC482A33}.MinSizeRel|x64.ActiveCfg = MinSizeRel|x64
		{115B1C5A-F272-321F-9E6E-E3E8AC482A33}.MinSizeRel|x64.Build.0 = MinSizeRel|x64
		{115B1C5A-F272-321F-9E6E-E3E8AC482A33}.RelWithDebInfo|x64.ActiveCfg = RelWithDebInfo|x64
		{115B1C5A-F272-321F-9E6E-E3E8AC482A33}.RelWithDebInfo|x64.Build.0 = RelWithDebInfo|x64
		{A28D4049-6CD5-3578-A09F-B6140F5BFA12}.Debug|x64.ActiveCfg = Debug|x64
		{A28D4049-6CD5-3578-A09F-B6140F5BFA12}.Release|x64.ActiveCfg = Release|x64
		{A28D4049-6CD5-3578-A09F-B6140F5BFA12}.MinSizeRel|x64.ActiveCfg = MinSizeRel|x64
		{A28D4049-6CD5-3578-A09F-B6140F5BFA12}.RelWithDebInfo|x64.ActiveCfg = RelWithDebInfo|x64
		{4B118820-E85C-3A62-854E-6B9A8F0098CB}.Debug|x64.ActiveCfg = Debug|x64
		{4B118820-E85C-3A62-854E-6B9A8F0098CB}.Debug|x64.Build.0 = Debug|x64
		{4B118820-E85C-3A62-854E-6B9A8F0098CB}.Release|x64.ActiveCfg = Release|x64
		{4B118820-E85C-3A62-854E-6B9A8F0098CB}.Release|x64.Build.0 = Release|x64
		{4B118820-E85C-3A62-854E-6B9A8F0098CB}.MinSizeRel|x64.ActiveCfg = MinSizeRel|x64
		{4B118820-E85C-3A62-854E-6B9A8F0098CB}.MinSizeRel|x64.Build.0 = MinSizeRel|x64
		{4B118820-E85C-3A62-854E-6B9A8F0098CB}.RelWithDebInfo|x64.ActiveCfg = RelWithDebInfo|x64
		{4B118820-E85C-3A62-854E-6B9A8F0098CB}.RelWithDebInfo|x64.Build.0 = RelWithDebInfo|x64
		{FA573C5E-B7FC-328C-87BC-19AFA411FE2C}.Debug|x64.ActiveCfg = Debug|x64
		{FA573C5E-B7FC-328C-87BC-19AFA411FE2C}.Debug|x64.Build.0 = Debug|x64
		{FA573C5E-B7FC-328C-87BC-19AFA411FE2C}.Release|x64.ActiveCfg = Release|x64
		{FA573C5E-B7FC-328C-87BC-19AFA411FE2C}.Release|x64.Build.0 = Release|x64
		{FA573C5E-B7FC-328C-87BC-19AFA411FE2C}.MinSizeRel|x64.ActiveCfg = MinSizeRel|x64
		{FA573C5E-B7FC-328C-87BC-19AFA411FE2C}.MinSizeRel|x64.Build.0 = MinSizeRel|x64
		{FA573C5E-B7FC-328C-87BC-19AFA411FE2C}.RelWithDebInfo|x64.ActiveCfg = RelWithDebInfo|x64
		{FA573C5E-B7FC-328C-87BC-19AFA411FE2C}.RelWithDebInfo|x64.Build.0 = RelWithDebInfo|x64
		{024F3E84-9419-3D85-8F67-96537B7B5283}.Debug|x64.ActiveCfg = Debug|x64
		{024F3E84-9419-3D85-8F67-96537B7B5283}.Debug|x64.Build.0 = Debug|x64
		{024F3E84-9419-3D85-8F67-96537B7B5283}.Release|x64.ActiveCfg = Release|x64
		{024F3E84-9419-3D85-8F67-96537B7B5283}.Release|x64.Build.0 = Release|x64
		{024F3E84-9419-3D85-8F67-96537B7B5283}.MinSizeRel|x64.ActiveCfg = MinSizeRel|x64
		{024F3E84-9419-3D85-8F67-96537B7B5283}.MinSizeRel|x64.Build.0 = MinSizeRel|x64
		{024F3E84-9419-3D85-8F67-96537B7B5283}.RelWithDebInfo|x64.ActiveCfg = RelWithDebInfo|x64
		{024F3E84-9419-3D85-8F67-96537B7B5283}.RelWithDebInfo|x64.Build.0 = RelWithDebInfo|x64
		{95E57A43-3F82-3BA1-96AB-E06D932D1290}.Debug|x64.ActiveCfg = Debug|x64
		{95E57A43-3F82-3BA1-96AB-E06D932D1290}.Debug|x64.Build.0 = Debug|x64
		{95E57A43-3F82-3BA1-96AB-E06D932D1290}.Release|x64.ActiveCfg = Release|x64
		{95E57A43-3F82-3BA1-96AB-E06D932D1290}.Release|x64.Build.0 = Release|x64
		{95E57A43-3F82-3BA1-96AB-E06D932D1290}.MinSizeRel|x64.ActiveCfg = MinSizeRel|x64
		{95E57A43-3F82-3BA1-96AB-E06D932D1290}.MinSizeRel|x64.Build.0 = MinSizeRel|x64
		{95E57A43-3F82-3BA1-96AB-E06D932D1290}.RelWithDebInfo|x64.ActiveCfg = RelWithDebInfo|x64
		{95E57A43-3F82-3BA1-96AB-E06D932D1290}.RelWithDebInfo|x64.Build.0 = RelWithDebInfo|x64
		{1CD8BB13-4394-383A-A798-C8F9F0D7B51F}.Debug|x64.ActiveCfg = Debug|x64
		{1CD8BB13-4394-383A-A798-C8F9F0D7B51F}.Debug|x64.Build.0 = Debug|x64
		{1CD8BB13-4394-383A-A798-C8F9F0D7B51F}.Release|x64.ActiveCfg = Release|x64
		{1CD8BB13-4394-383A-A798-C8F9F0D7B51F}.Release|x64.Build.0 = Release|x64
		{1CD8BB13-4394-383A-A798-C8F9F0D7B51F}.MinSizeRel|x64.ActiveCfg = MinSizeRel|x64
		{1CD8BB13-4394-383A-A798-C8F9F0D7B51F}.MinSizeRel|x64.Build.0 = MinSizeRel|x64
		{1CD8BB13-4394-383A-A798-C8F9F0D7B51F}.RelWithDebInfo|x64.ActiveCfg = RelWithDebInfo|x64
		{1CD8BB13-4394-383A-A798-C8F9F0D7B51F}.RelWithDebInfo|x64.Build.0 = RelWithDebInfo|x64
		{84B5C0E9-62D7-35EB-8FA0-1D6E3AEDE9ED}.Debug|x64.ActiveCfg = Debug|x64
		{84B5C0E9-62D7-35EB-8FA0-1D6E3AEDE9ED}.Debug|x64.Build.0 = Debug|x64
		{84B5C0E9-62D7-35EB-8FA0-1D6E3AEDE9ED}.Release|x64.ActiveCfg = Release|x64
		{84B5C0E9-62D7-35EB-8FA0-1D6E3AEDE9ED}.Release|x64.Build.0 = Release|x64
		{84B5C0E9-62D7-35EB-8FA0-1D6E3AEDE9ED}.MinSizeRel|x64.ActiveCfg = MinSizeRel|x64
		{84B5C0E9-62D7-35EB-8FA0-1D6E3AEDE9ED}.MinSizeRel|x64.Build.0 = MinSizeRel|x64
		{84B5C0E9-62D7-35EB-8FA0-1D6E3AEDE9ED}.RelWithDebInfo|x64.ActiveCfg = RelWithDebInfo|x64
		{84B5C0E9-62D7-35EB-8FA0-1D6E3AEDE9ED}.RelWithDebInfo|x64.Build.0 = RelWithDebInfo|x64
		{9739D9A6-D975-33FD-8B5B-8553013A7607}.Debug|x64.ActiveCfg = Debug|x64
		{9739D9A6-D975-33FD-8B5B-8553013A7607}.Debug|x64.Build.0 = Debug|x64
		{9739D9A6-D975-33FD-8B5B-8553013A7607}.Release|x64.ActiveCfg = Release|x64
		{9739D9A6-D975-33FD-8B5B-8553013A7607}.Release|x64.Build.0 = Release|x64
		{9739D9A6-D975-33FD-8B5B-8553013A7607}.MinSizeRel|x64.ActiveCfg = MinSizeRel|x64
		{9739D9A6-D975-33FD-8B5B-8553013A7607}.MinSizeRel|x64.Build.0 = MinSizeRel|x64
		{9739D9A6-D975-33FD-8B5B-8553013A7607}.RelWithDebInfo|x64.ActiveCfg = RelWithDebInfo|x64
		{9739D9A6-D975-33FD-8B5B-8553013A7607}.RelWithDebInfo|x64.Build.0 = RelWithDebInfo|x64
	EndGlobalSection
	GlobalSection(NestedProjects) = preSolution
		{A28D4049-6CD5-3578-A09F-B6140F5BFA12} = {F6552A67-C9B3-3035-9772-B8BD9CA1E27C}
		{4B118820-E85C-3A62-854E-6B9A8F0098CB} = {F6552A67-C9B3-3035-9772-B8BD9CA1E27C}
	EndGlobalSection
	GlobalSection(ExtensibilityGlobals) = postSolution
		SolutionGuid = {B7F811B4-22D9-30C8-944F-EC8C1B30B0E7}
	EndGlobalSection
	GlobalSection(ExtensibilityAddIns) = postSolution
	EndGlobalSection
EndGlobal
