<?xml version="1.0" encoding="utf-8"?>
<Project ToolsVersion="16.0" xmlns="http://schemas.microsoft.com/developer/msbuild/2003">
  <ItemGroup>
    <ClCompile Include="..\..\box2d-cmake\src\collision\b2_broad_phase.cpp" />
    <ClCompile Include="..\..\box2d-cmake\src\collision\b2_chain_shape.cpp" />
    <ClCompile Include="..\..\box2d-cmake\src\collision\b2_circle_shape.cpp" />
    <ClCompile Include="..\..\box2d-cmake\src\collision\b2_collide_circle.cpp" />
    <ClCompile Include="..\..\box2d-cmake\src\collision\b2_collide_edge.cpp" />
    <ClCompile Include="..\..\box2d-cmake\src\collision\b2_collide_polygon.cpp" />
    <ClCompile Include="..\..\box2d-cmake\src\collision\b2_collision.cpp" />
    <ClCompile Include="..\..\box2d-cmake\src\collision\b2_distance.cpp" />
    <ClCompile Include="..\..\box2d-cmake\src\collision\b2_dynamic_tree.cpp" />
    <ClCompile Include="..\..\box2d-cmake\src\collision\b2_edge_shape.cpp" />
    <ClCompile Include="..\..\box2d-cmake\src\collision\b2_polygon_shape.cpp" />
    <ClCompile Include="..\..\box2d-cmake\src\collision\b2_time_of_impact.cpp" />
    <ClCompile Include="..\..\box2d-cmake\src\common\b2_block_allocator.cpp" />
    <ClCompile Include="..\..\box2d-cmake\src\common\b2_draw.cpp" />
    <ClCompile Include="..\..\box2d-cmake\src\common\b2_math.cpp" />
    <ClCompile Include="..\..\box2d-cmake\src\common\b2_settings.cpp" />
    <ClCompile Include="..\..\box2d-cmake\src\common\b2_stack_allocator.cpp" />
    <ClCompile Include="..\..\box2d-cmake\src\common\b2_timer.cpp" />
    <ClCompile Include="..\..\box2d-cmake\src\dynamics\b2_body.cpp" />
    <ClCompile Include="..\..\box2d-cmake\src\dynamics\b2_chain_circle_contact.cpp" />
    <ClCompile Include="..\..\box2d-cmake\src\dynamics\b2_chain_polygon_contact.cpp" />
    <ClCompile Include="..\..\box2d-cmake\src\dynamics\b2_circle_contact.cpp" />
    <ClCompile Include="..\..\box2d-cmake\src\dynamics\b2_contact.cpp" />
    <ClCompile Include="..\..\box2d-cmake\src\dynamics\b2_contact_manager.cpp" />
    <ClCompile Include="..\..\box2d-cmake\src\dynamics\b2_contact_solver.cpp" />
    <ClCompile Include="..\..\box2d-cmake\src\dynamics\b2_distance_joint.cpp" />
    <ClCompile Include="..\..\box2d-cmake\src\dynamics\b2_edge_circle_contact.cpp" />
    <ClCompile Include="..\..\box2d-cmake\src\dynamics\b2_edge_polygon_contact.cpp" />
    <ClCompile Include="..\..\box2d-cmake\src\dynamics\b2_fixture.cpp" />
    <ClCompile Include="..\..\box2d-cmake\src\dynamics\b2_friction_joint.cpp" />
    <ClCompile Include="..\..\box2d-cmake\src\dynamics\b2_gear_joint.cpp" />
    <ClCompile Include="..\..\box2d-cmake\src\dynamics\b2_island.cpp" />
    <ClCompile Include="..\..\box2d-cmake\src\dynamics\b2_joint.cpp" />
    <ClCompile Include="..\..\box2d-cmake\src\dynamics\b2_motor_joint.cpp" />
    <ClCompile Include="..\..\box2d-cmake\src\dynamics\b2_mouse_joint.cpp" />
    <ClCompile Include="..\..\box2d-cmake\src\dynamics\b2_polygon_circle_contact.cpp" />
    <ClCompile Include="..\..\box2d-cmake\src\dynamics\b2_polygon_contact.cpp" />
    <ClCompile Include="..\..\box2d-cmake\src\dynamics\b2_prismatic_joint.cpp" />
    <ClCompile Include="..\..\box2d-cmake\src\dynamics\b2_pulley_joint.cpp" />
    <ClCompile Include="..\..\box2d-cmake\src\dynamics\b2_revolute_joint.cpp" />
    <ClCompile Include="..\..\box2d-cmake\src\dynamics\b2_rope_joint.cpp" />
    <ClCompile Include="..\..\box2d-cmake\src\dynamics\b2_weld_joint.cpp" />
    <ClCompile Include="..\..\box2d-cmake\src\dynamics\b2_wheel_joint.cpp" />
    <ClCompile Include="..\..\box2d-cmake\src\dynamics\b2_world.cpp" />
    <ClCompile Include="..\..\box2d-cmake\src\dynamics\b2_world_callbacks.cpp" />
    <ClCompile Include="..\..\box2d-cmake\src\rope\b2_rope.cpp" />
  </ItemGroup>
  <ItemGroup>
    <ClInclude Include="..\..\box2d-cmake\src\dynamics\b2_chain_circle_contact.h" />
    <ClInclude Include="..\..\box2d-cmake\src\dynamics\b2_chain_polygon_contact.h" />
    <ClInclude Include="..\..\box2d-cmake\src\dynamics\b2_circle_contact.h" />
    <ClInclude Include="..\..\box2d-cmake\src\dynamics\b2_contact_solver.h" />
    <ClInclude Include="..\..\box2d-cmake\src\dynamics\b2_edge_circle_contact.h" />
    <ClInclude Include="..\..\box2d-cmake\src\dynamics\b2_edge_polygon_contact.h" />
    <ClInclude Include="..\..\box2d-cmake\src\dynamics\b2_island.h" />
    <ClInclude Include="..\..\box2d-cmake\src\dynamics\b2_polygon_circle_contact.h" />
    <ClInclude Include="..\..\box2d-cmake\src\dynamics\b2_polygon_contact.h" />
    <ClInclude Include="..\..\box2d-cmake\include\box2d\b2_block_allocator.h" />
    <ClInclude Include="..\..\box2d-cmake\include\box2d\b2_body.h" />
    <ClInclude Include="..\..\box2d-cmake\include\box2d\b2_broad_phase.h" />
    <ClInclude Include="..\..\box2d-cmake\include\box2d\b2_chain_shape.h" />
    <ClInclude Include="..\..\box2d-cmake\include\box2d\b2_circle_shape.h" />
    <ClInclude Include="..\..\box2d-cmake\include\box2d\b2_collision.h" />
    <ClInclude Include="..\..\box2d-cmake\include\box2d\b2_contact.h" />
    <ClInclude Include="..\..\box2d-cmake\include\box2d\b2_contact_manager.h" />
    <ClInclude Include="..\..\box2d-cmake\include\box2d\b2_distance.h" />
    <ClInclude Include="..\..\box2d-cmake\include\box2d\b2_distance_joint.h" />
    <ClInclude Include="..\..\box2d-cmake\include\box2d\b2_draw.h" />
    <ClInclude Include="..\..\box2d-cmake\include\box2d\b2_dynamic_tree.h" />
    <ClInclude Include="..\..\box2d-cmake\include\box2d\b2_edge_shape.h" />
    <ClInclude Include="..\..\box2d-cmake\include\box2d\b2_fixture.h" />
    <ClInclude Include="..\..\box2d-cmake\include\box2d\b2_friction_joint.h" />
    <ClInclude Include="..\..\box2d-cmake\include\box2d\b2_gear_joint.h" />
    <ClInclude Include="..\..\box2d-cmake\include\box2d\b2_growable_stack.h" />
    <ClInclude Include="..\..\box2d-cmake\include\box2d\b2_joint.h" />
    <ClInclude Include="..\..\box2d-cmake\include\box2d\b2_math.h" />
    <ClInclude Include="..\..\box2d-cmake\include\box2d\b2_motor_joint.h" />
    <ClInclude Include="..\..\box2d-cmake\include\box2d\b2_mouse_joint.h" />
    <ClInclude Include="..\..\box2d-cmake\include\box2d\b2_polygon_shape.h" />
    <ClInclude Include="..\..\box2d-cmake\include\box2d\b2_prismatic_joint.h" />
    <ClInclude Include="..\..\box2d-cmake\include\box2d\b2_pulley_joint.h" />
    <ClInclude Include="..\..\box2d-cmake\include\box2d\b2_revolute_joint.h" />
    <ClInclude Include="..\..\box2d-cmake\include\box2d\b2_rope.h" />
    <ClInclude Include="..\..\box2d-cmake\include\box2d\b2_rope_joint.h" />
    <ClInclude Include="..\..\box2d-cmake\include\box2d\b2_settings.h" />
    <ClInclude Include="..\..\box2d-cmake\include\box2d\b2_shape.h" />
    <ClInclude Include="..\..\box2d-cmake\include\box2d\b2_stack_allocator.h" />
    <ClInclude Include="..\..\box2d-cmake\include\box2d\b2_time_of_impact.h" />
    <ClInclude Include="..\..\box2d-cmake\include\box2d\b2_timer.h" />
    <ClInclude Include="..\..\box2d-cmake\include\box2d\b2_time_step.h" />
    <ClInclude Include="..\..\box2d-cmake\include\box2d\b2_weld_joint.h" />
    <ClInclude Include="..\..\box2d-cmake\include\box2d\b2_wheel_joint.h" />
    <ClInclude Include="..\..\box2d-cmake\include\box2d\b2_world.h" />
    <ClInclude Include="..\..\box2d-cmake\include\box2d\b2_world_callbacks.h" />
    <ClInclude Include="..\..\box2d-cmake\include\box2d\box2d.h" />
  </ItemGroup>
  <ItemGroup>
    <CustomBuild Include="..\..\box2d-cmake\src\CMakeLists.txt" />
  </ItemGroup>
  <ItemGroup>
    <Filter Include="include">
      <UniqueIdentifier>{35D49478-2F58-3131-9D69-C9081EDD8D60}</UniqueIdentifier>
    </Filter>
    <Filter Include="include\box2d">
      <UniqueIdentifier>{E5D85C65-B6E2-3F8B-A7BE-A5FE4BC0D78E}</UniqueIdentifier>
    </Filter>
    <Filter Include="src">
      <UniqueIdentifier>{5C6B21C5-F496-30DA-BF80-BF822F859709}</UniqueIdentifier>
    </Filter>
    <Filter Include="src\collision">
      <UniqueIdentifier>{DB11942E-2C31-3ADB-AB39-FA1D7CCA5708}</UniqueIdentifier>
    </Filter>
    <Filter Include="src\common">
      <UniqueIdentifier>{691A7576-5A47-354E-8D29-121BC1886847}</UniqueIdentifier>
    </Filter>
    <Filter Include="src\dynamics">
      <UniqueIdentifier>{DAEA96F4-068F-3497-A23D-56E80A84722B}</UniqueIdentifier>
    </Filter>
    <Filter Include="src\rope">
      <UniqueIdentifier>{DCE62944-D025-3549-9273-5EC30A2DBE26}</UniqueIdentifier>
    </Filter>
  </ItemGroup>
</Project>