<?xml version="1.0" encoding="utf-8"?>
<Project ToolsVersion="16.0" xmlns="http://schemas.microsoft.com/developer/msbuild/2003">
  <ItemGroup>
    <CustomBuild Include="G:\Program Files\GitHub\SDGJ2020\external-projects\box2d-proj\src\CMakeFiles\98665732b5accad2d7f5873ce3213bf5\generate.stamp.rule">
      <Filter>CMake Rules</Filter>
    </CustomBuild>
  </ItemGroup>
  <ItemGroup>
    <Filter Include="CMake Rules">
      <UniqueIdentifier>{C9E72D68-10F6-327B-B8A6-59076A75A1EF}</UniqueIdentifier>
    </Filter>
  </ItemGroup>
</Project>
